// !$*UTF8*$!
{
	archiveVersion = 1;
	classes = {
	};
	objectVersion = 46;
	objects = {

/* Begin PBXBuildFile section */
		2F3ABDEA1D3EEC8900E3908C /* AppDelegate.swift in Sources */ = {isa = PBXBuildFile; fileRef = 2F3ABDE91D3EEC8900E3908C /* AppDelegate.swift */; };
		2F3ABDEC1D3EEC8900E3908C /* ViewController.swift in Sources */ = {isa = PBXBuildFile; fileRef = 2F3ABDEB1D3EEC8900E3908C /* ViewController.swift */; };
		2F3ABDEF1D3EEC8900E3908C /* Main.storyboard in Resources */ = {isa = PBXBuildFile; fileRef = 2F3ABDED1D3EEC8900E3908C /* Main.storyboard */; };
		2F3ABDF11D3EEC8900E3908C /* Assets.xcassets in Resources */ = {isa = PBXBuildFile; fileRef = 2F3ABDF01D3EEC8900E3908C /* Assets.xcassets */; };
		2F3ABDF41D3EEC8900E3908C /* LaunchScreen.storyboard in Resources */ = {isa = PBXBuildFile; fileRef = 2F3ABDF21D3EEC8900E3908C /* LaunchScreen.storyboard */; };
		2F3ABDFF1D3EEC8900E3908C /* CodeFooiOSTests.swift in Sources */ = {isa = PBXBuildFile; fileRef = 2F3ABDFE1D3EEC8900E3908C /* CodeFooiOSTests.swift */; };
		2F3ABE0A1D3EEC8900E3908C /* CodeFooiOSUITests.swift in Sources */ = {isa = PBXBuildFile; fileRef = 2F3ABE091D3EEC8900E3908C /* CodeFooiOSUITests.swift */; };
/* End PBXBuildFile section */

/* Begin PBXContainerItemProxy section */
		2F3ABDFB1D3EEC8900E3908C /* PBXContainerItemProxy */ = {
			isa = PBXContainerItemProxy;
			containerPortal = 2F3ABDDE1D3EEC8900E3908C /* Project object */;
			proxyType = 1;
			remoteGlobalIDString = 2F3ABDE51D3EEC8900E3908C;
			remoteInfo = CodeFooiOS;
		};
		2F3ABE061D3EEC8900E3908C /* PBXContainerItemProxy */ = {
			isa = PBXContainerItemProxy;
			containerPortal = 2F3ABDDE1D3EEC8900E3908C /* Project object */;
			proxyType = 1;
			remoteGlobalIDString = 2F3ABDE51D3EEC8900E3908C;
			remoteInfo = CodeFooiOS;
		};
/* End PBXContainerItemProxy section */

/* Begin PBXFileReference section */
		2F3ABDE61D3EEC8900E3908C /* CodeFooiOS.app */ = {isa = PBXFileReference; explicitFileType = wrapper.application; includeInIndex = 0; path = CodeFooiOS.app; sourceTree = BUILT_PRODUCTS_DIR; };
		2F3ABDE91D3EEC8900E3908C /* AppDelegate.swift */ = {isa = PBXFileReference; lastKnownFileType = sourcecode.swift; path = AppDelegate.swift; sourceTree = "<group>"; };
		2F3ABDEB1D3EEC8900E3908C /* ViewController.swift */ = {isa = PBXFileReference; lastKnownFileType = sourcecode.swift; path = ViewController.swift; sourceTree = "<group>"; };
		2F3ABDEE1D3EEC8900E3908C /* Base */ = {isa = PBXFileReference; lastKnownFileType = file.storyboard; name = Base; path = Base.lproj/Main.storyboard; sourceTree = "<group>"; };
		2F3ABDF01D3EEC8900E3908C /* Assets.xcassets */ = {isa = PBXFileReference; lastKnownFileType = folder.assetcatalog; path = Assets.xcassets; sourceTree = "<group>"; };
		2F3ABDF31D3EEC8900E3908C /* Base */ = {isa = PBXFileReference; lastKnownFileType = file.storyboard; name = Base; path = Base.lproj/LaunchScreen.storyboard; sourceTree = "<group>"; };
		2F3ABDF51D3EEC8900E3908C /* Info.plist */ = {isa = PBXFileReference; lastKnownFileType = text.plist.xml; path = Info.plist; sourceTree = "<group>"; };
		2F3ABDFA1D3EEC8900E3908C /* CodeFooiOSTests.xctest */ = {isa = PBXFileReference; explicitFileType = wrapper.cfbundle; includeInIndex = 0; path = CodeFooiOSTests.xctest; sourceTree = BUILT_PRODUCTS_DIR; };
		2F3ABDFE1D3EEC8900E3908C /* CodeFooiOSTests.swift */ = {isa = PBXFileReference; lastKnownFileType = sourcecode.swift; path = CodeFooiOSTests.swift; sourceTree = "<group>"; };
		2F3ABE001D3EEC8900E3908C /* Info.plist */ = {isa = PBXFileReference; lastKnownFileType = text.plist.xml; path = Info.plist; sourceTree = "<group>"; };
		2F3ABE051D3EEC8900E3908C /* CodeFooiOSUITests.xctest */ = {isa = PBXFileReference; explicitFileType = wrapper.cfbundle; includeInIndex = 0; path = CodeFooiOSUITests.xctest; sourceTree = BUILT_PRODUCTS_DIR; };
		2F3ABE091D3EEC8900E3908C /* CodeFooiOSUITests.swift */ = {isa = PBXFileReference; lastKnownFileType = sourcecode.swift; path = CodeFooiOSUITests.swift; sourceTree = "<group>"; };
		2F3ABE0B1D3EEC8900E3908C /* Info.plist */ = {isa = PBXFileReference; lastKnownFileType = text.plist.xml; path = Info.plist; sourceTree = "<group>"; };
/* End PBXFileReference section */

/* Begin PBXFrameworksBuildPhase section */
		2F3ABDE31D3EEC8900E3908C /* Frameworks */ = {
			isa = PBXFrameworksBuildPhase;
			buildActionMask = 2147483647;
			files = (
			);
			runOnlyForDeploymentPostprocessing = 0;
		};
		2F3ABDF71D3EEC8900E3908C /* Frameworks */ = {
			isa = PBXFrameworksBuildPhase;
			buildActionMask = 2147483647;
			files = (
			);
			runOnlyForDeploymentPostprocessing = 0;
		};
		2F3ABE021D3EEC8900E3908C /* Frameworks */ = {
			isa = PBXFrameworksBuildPhase;
			buildActionMask = 2147483647;
			files = (
			);
			runOnlyForDeploymentPostprocessing = 0;
		};
/* End PBXFrameworksBuildPhase section */

/* Begin PBXGroup section */
		2F3ABDDD1D3EEC8900E3908C = {
			isa = PBXGroup;
			children = (
				2F3ABDE81D3EEC8900E3908C /* CodeFooiOS */,
				2F3ABDFD1D3EEC8900E3908C /* CodeFooiOSTests */,
				2F3ABE081D3EEC8900E3908C /* CodeFooiOSUITests */,
				2F3ABDE71D3EEC8900E3908C /* Products */,
			);
			sourceTree = "<group>";
		};
		2F3ABDE71D3EEC8900E3908C /* Products */ = {
			isa = PBXGroup;
			children = (
				2F3ABDE61D3EEC8900E3908C /* CodeFooiOS.app */,
				2F3ABDFA1D3EEC8900E3908C /* CodeFooiOSTests.xctest */,
				2F3ABE051D3EEC8900E3908C /* CodeFooiOSUITests.xctest */,
			);
			name = Products;
			sourceTree = "<group>";
		};
		2F3ABDE81D3EEC8900E3908C /* CodeFooiOS */ = {
			isa = PBXGroup;
			children = (
				2F3ABDE91D3EEC8900E3908C /* AppDelegate.swift */,
				2F3ABDEB1D3EEC8900E3908C /* ViewController.swift */,
				2F3ABDED1D3EEC8900E3908C /* Main.storyboard */,
				2F3ABDF01D3EEC8900E3908C /* Assets.xcassets */,
				2F3ABDF21D3EEC8900E3908C /* LaunchScreen.storyboard */,
				2F3ABDF51D3EEC8900E3908C /* Info.plist */,
			);
			path = CodeFooiOS;
			sourceTree = "<group>";
		};
		2F3ABDFD1D3EEC8900E3908C /* CodeFooiOSTests */ = {
			isa = PBXGroup;
			children = (
				2F3ABDFE1D3EEC8900E3908C /* CodeFooiOSTests.swift */,
				2F3ABE001D3EEC8900E3908C /* Info.plist */,
			);
			path = CodeFooiOSTests;
			sourceTree = "<group>";
		};
		2F3ABE081D3EEC8900E3908C /* CodeFooiOSUITests */ = {
			isa = PBXGroup;
			children = (
				2F3ABE091D3EEC8900E3908C /* CodeFooiOSUITests.swift */,
				2F3ABE0B1D3EEC8900E3908C /* Info.plist */,
			);
			path = CodeFooiOSUITests;
			sourceTree = "<group>";
		};
/* End PBXGroup section */

/* Begin PBXNativeTarget section */
		2F3ABDE51D3EEC8900E3908C /* CodeFooiOS */ = {
			isa = PBXNativeTarget;
			buildConfigurationList = 2F3ABE0E1D3EEC8900E3908C /* Build configuration list for PBXNativeTarget "CodeFooiOS" */;
			buildPhases = (
				2F3ABDE21D3EEC8900E3908C /* Sources */,
				2F3ABDE31D3EEC8900E3908C /* Frameworks */,
				2F3ABDE41D3EEC8900E3908C /* Resources */,
			);
			buildRules = (
			);
			dependencies = (
			);
			name = CodeFooiOS;
			productName = CodeFooiOS;
			productReference = 2F3ABDE61D3EEC8900E3908C /* CodeFooiOS.app */;
			productType = "com.apple.product-type.application";
		};
		2F3ABDF91D3EEC8900E3908C /* CodeFooiOSTests */ = {
			isa = PBXNativeTarget;
			buildConfigurationList = 2F3ABE111D3EEC8900E3908C /* Build configuration list for PBXNativeTarget "CodeFooiOSTests" */;
			buildPhases = (
				2F3ABDF61D3EEC8900E3908C /* Sources */,
				2F3ABDF71D3EEC8900E3908C /* Frameworks */,
				2F3ABDF81D3EEC8900E3908C /* Resources */,
			);
			buildRules = (
			);
			dependencies = (
				2F3ABDFC1D3EEC8900E3908C /* PBXTargetDependency */,
			);
			name = CodeFooiOSTests;
			productName = CodeFooiOSTests;
			productReference = 2F3ABDFA1D3EEC8900E3908C /* CodeFooiOSTests.xctest */;
			productType = "com.apple.product-type.bundle.unit-test";
		};
		2F3ABE041D3EEC8900E3908C /* CodeFooiOSUITests */ = {
			isa = PBXNativeTarget;
			buildConfigurationList = 2F3ABE141D3EEC8900E3908C /* Build configuration list for PBXNativeTarget "CodeFooiOSUITests" */;
			buildPhases = (
				2F3ABE011D3EEC8900E3908C /* Sources */,
				2F3ABE021D3EEC8900E3908C /* Frameworks */,
				2F3ABE031D3EEC8900E3908C /* Resources */,
			);
			buildRules = (
			);
			dependencies = (
				2F3ABE071D3EEC8900E3908C /* PBXTargetDependency */,
			);
			name = CodeFooiOSUITests;
			productName = CodeFooiOSUITests;
			productReference = 2F3ABE051D3EEC8900E3908C /* CodeFooiOSUITests.xctest */;
			productType = "com.apple.product-type.bundle.ui-testing";
		};
/* End PBXNativeTarget section */

/* Begin PBXProject section */
		2F3ABDDE1D3EEC8900E3908C /* Project object */ = {
			isa = PBXProject;
			attributes = {
				LastSwiftUpdateCheck = 0730;
				LastUpgradeCheck = 0730;
				ORGANIZATIONNAME = "Drake Wempe";
				TargetAttributes = {
					2F3ABDE51D3EEC8900E3908C = {
						CreatedOnToolsVersion = 7.3.1;
					};
					2F3ABDF91D3EEC8900E3908C = {
						CreatedOnToolsVersion = 7.3.1;
						TestTargetID = 2F3ABDE51D3EEC8900E3908C;
					};
					2F3ABE041D3EEC8900E3908C = {
						CreatedOnToolsVersion = 7.3.1;
						TestTargetID = 2F3ABDE51D3EEC8900E3908C;
					};
				};
			};
			buildConfigurationList = 2F3ABDE11D3EEC8900E3908C /* Build configuration list for PBXProject "CodeFooiOS" */;
			compatibilityVersion = "Xcode 3.2";
			developmentRegion = English;
			hasScannedForEncodings = 0;
			knownRegions = (
				en,
				Base,
			);
			mainGroup = 2F3ABDDD1D3EEC8900E3908C;
			productRefGroup = 2F3ABDE71D3EEC8900E3908C /* Products */;
			projectDirPath = "";
			projectRoot = "";
			targets = (
				2F3ABDE51D3EEC8900E3908C /* CodeFooiOS */,
				2F3ABDF91D3EEC8900E3908C /* CodeFooiOSTests */,
				2F3ABE041D3EEC8900E3908C /* CodeFooiOSUITests */,
			);
		};
/* End PBXProject section */

/* Begin PBXResourcesBuildPhase section */
		2F3ABDE41D3EEC8900E3908C /* Resources */ = {
			isa = PBXResourcesBuildPhase;
			buildActionMask = 2147483647;
			files = (
				2F3ABDF41D3EEC8900E3908C /* LaunchScreen.storyboard in Resources */,
				2F3ABDF11D3EEC8900E3908C /* Assets.xcassets in Resources */,
				2F3ABDEF1D3EEC8900E3908C /* Main.storyboard in Resources */,
			);
			runOnlyForDeploymentPostprocessing = 0;
		};
		2F3ABDF81D3EEC8900E3908C /* Resources */ = {
			isa = PBXResourcesBuildPhase;
			buildActionMask = 2147483647;
			files = (
			);
			runOnlyForDeploymentPostprocessing = 0;
		};
		2F3ABE031D3EEC8900E3908C /* Resources */ = {
			isa = PBXResourcesBuildPhase;
			buildActionMask = 2147483647;
			files = (
			);
			runOnlyForDeploymentPostprocessing = 0;
		};
/* End PBXResourcesBuildPhase section */

/* Begin PBXSourcesBuildPhase section */
		2F3ABDE21D3EEC8900E3908C /* Sources */ = {
			isa = PBXSourcesBuildPhase;
			buildActionMask = 2147483647;
			files = (
				2F3ABDEC1D3EEC8900E3908C /* ViewController.swift in Sources */,
				2F3ABDEA1D3EEC8900E3908C /* AppDelegate.swift in Sources */,
			);
			runOnlyForDeploymentPostprocessing = 0;
		};
		2F3ABDF61D3EEC8900E3908C /* Sources */ = {
			isa = PBXSourcesBuildPhase;
			buildActionMask = 2147483647;
			files = (
				2F3ABDFF1D3EEC8900E3908C /* CodeFooiOSTests.swift in Sources */,
			);
			runOnlyForDeploymentPostprocessing = 0;
		};
		2F3ABE011D3EEC8900E3908C /* Sources */ = {
			isa = PBXSourcesBuildPhase;
			buildActionMask = 2147483647;
			files = (
				2F3ABE0A1D3EEC8900E3908C /* CodeFooiOSUITests.swift in Sources */,
			);
			runOnlyForDeploymentPostprocessing = 0;
		};
/* End PBXSourcesBuildPhase section */

/* Begin PBXTargetDependency section */
		2F3ABDFC1D3EEC8900E3908C /* PBXTargetDependency */ = {
			isa = PBXTargetDependency;
			target = 2F3ABDE51D3EEC8900E3908C /* CodeFooiOS */;
			targetProxy = 2F3ABDFB1D3EEC8900E3908C /* PBXContainerItemProxy */;
		};
		2F3ABE071D3EEC8900E3908C /* PBXTargetDependency */ = {
			isa = PBXTargetDependency;
			target = 2F3ABDE51D3EEC8900E3908C /* CodeFooiOS */;
			targetProxy = 2F3ABE061D3EEC8900E3908C /* PBXContainerItemProxy */;
		};
/* End PBXTargetDependency section */

/* Begin PBXVariantGroup section */
		2F3ABDED1D3EEC8900E3908C /* Main.storyboard */ = {
			isa = PBXVariantGroup;
			children = (
				2F3ABDEE1D3EEC8900E3908C /* Base */,
			);
			name = Main.storyboard;
			sourceTree = "<group>";
		};
		2F3ABDF21D3EEC8900E3908C /* LaunchScreen.storyboard */ = {
			isa = PBXVariantGroup;
			children = (
				2F3ABDF31D3EEC8900E3908C /* Base */,
			);
			name = LaunchScreen.storyboard;
			sourceTree = "<group>";
		};
/* End PBXVariantGroup section */

/* Begin XCBuildConfiguration section */
		2F3ABE0C1D3EEC8900E3908C /* Debug */ = {
			isa = XCBuildConfiguration;
			buildSettings = {
				ALWAYS_SEARCH_USER_PATHS = NO;
				CLANG_ANALYZER_NONNULL = YES;
				CLANG_CXX_LANGUAGE_STANDARD = "gnu++0x";
				CLANG_CXX_LIBRARY = "libc++";
				CLANG_ENABLE_MODULES = YES;
				CLANG_ENABLE_OBJC_ARC = YES;
				CLANG_WARN_BOOL_CONVERSION = YES;
				CLANG_WARN_CONSTANT_CONVERSION = YES;
				CLANG_WARN_DIRECT_OBJC_ISA_USAGE = YES_ERROR;
				CLANG_WARN_EMPTY_BODY = YES;
				CLANG_WARN_ENUM_CONVERSION = YES;
				CLANG_WARN_INT_CONVERSION = YES;
				CLANG_WARN_OBJC_ROOT_CLASS = YES_ERROR;
				CLANG_WARN_UNREACHABLE_CODE = YES;
				CLANG_WARN__DUPLICATE_METHOD_MATCH = YES;
				"CODE_SIGN_IDENTITY[sdk=iphoneos*]" = "iPhone Developer";
				COPY_PHASE_STRIP = NO;
				DEBUG_INFORMATION_FORMAT = dwarf;
				ENABLE_STRICT_OBJC_MSGSEND = YES;
				ENABLE_TESTABILITY = YES;
				GCC_C_LANGUAGE_STANDARD = gnu99;
				GCC_DYNAMIC_NO_PIC = NO;
				GCC_NO_COMMON_BLOCKS = YES;
				GCC_OPTIMIZATION_LEVEL = 0;
				GCC_PREPROCESSOR_DEFINITIONS = (
					"DEBUG=1",
					"$(inherited)",
				);
				GCC_WARN_64_TO_32_BIT_CONVERSION = YES;
				GCC_WARN_ABOUT_RETURN_TYPE = YES_ERROR;
				GCC_WARN_UNDECLARED_SELECTOR = YES;
				GCC_WARN_UNINITIALIZED_AUTOS = YES_AGGRESSIVE;
				GCC_WARN_UNUSED_FUNCTION = YES;
				GCC_WARN_UNUSED_VARIABLE = YES;
				IPHONEOS_DEPLOYMENT_TARGET = 9.3;
				MTL_ENABLE_DEBUG_INFO = YES;
				ONLY_ACTIVE_ARCH = YES;
				SDKROOT = iphoneos;
				SWIFT_OPTIMIZATION_LEVEL = "-Onone";
				TARGETED_DEVICE_FAMILY = "1,2";
			};
			name = Debug;
		};
		2F3ABE0D1D3EEC8900E3908C /* Release */ = {
			isa = XCBuildConfiguration;
			buildSettings = {
				ALWAYS_SEARCH_USER_PATHS = NO;
				CLANG_ANALYZER_NONNULL = YES;
				CLANG_CXX_LANGUAGE_STANDARD = "gnu++0x";
				CLANG_CXX_LIBRARY = "libc++";
				CLANG_ENABLE_MODULES = YES;
				CLANG_ENABLE_OBJC_ARC = YES;
				CLANG_WARN_BOOL_CONVERSION = YES;
				CLANG_WARN_CONSTANT_CONVERSION = YES;
				CLANG_WARN_DIRECT_OBJC_ISA_USAGE = YES_ERROR;
				CLANG_WARN_EMPTY_BODY = YES;
				CLANG_WARN_ENUM_CONVERSION = YES;
				CLANG_WARN_INT_CONVERSION = YES;
				CLANG_WARN_OBJC_ROOT_CLASS = YES_ERROR;
				CLANG_WARN_UNREACHABLE_CODE = YES;
				CLANG_WARN__DUPLICATE_METHOD_MATCH = YES;
				"CODE_SIGN_IDENTITY[sdk=iphoneos*]" = "iPhone Developer";
				COPY_PHASE_STRIP = NO;
				DEBUG_INFORMATION_FORMAT = "dwarf-with-dsym";
				ENABLE_NS_ASSERTIONS = NO;
				ENABLE_STRICT_OBJC_MSGSEND = YES;
				GCC_C_LANGUAGE_STANDARD = gnu99;
				GCC_NO_COMMON_BLOCKS = YES;
				GCC_WARN_64_TO_32_BIT_CONVERSION = YES;
				GCC_WARN_ABOUT_RETURN_TYPE = YES_ERROR;
				GCC_WARN_UNDECLARED_SELECTOR = YES;
				GCC_WARN_UNINITIALIZED_AUTOS = YES_AGGRESSIVE;
				GCC_WARN_UNUSED_FUNCTION = YES;
				GCC_WARN_UNUSED_VARIABLE = YES;
				IPHONEOS_DEPLOYMENT_TARGET = 9.3;
				MTL_ENABLE_DEBUG_INFO = NO;
				SDKROOT = iphoneos;
				TARGETED_DEVICE_FAMILY = "1,2";
				VALIDATE_PRODUCT = YES;
			};
			name = Release;
		};
		2F3ABE0F1D3EEC8900E3908C /* Debug */ = {
			isa = XCBuildConfiguration;
			buildSettings = {
				ASSETCATALOG_COMPILER_APPICON_NAME = AppIcon;
				INFOPLIST_FILE = CodeFooiOS/Info.plist;
				LD_RUNPATH_SEARCH_PATHS = "$(inherited) @executable_path/Frameworks";
				PRODUCT_BUNDLE_IDENTIFIER = drakew.CodeFooiOS;
				PRODUCT_NAME = "$(TARGET_NAME)";
			};
			name = Debug;
		};
		2F3ABE101D3EEC8900E3908C /* Release */ = {
			isa = XCBuildConfiguration;
			buildSettings = {
				ASSETCATALOG_COMPILER_APPICON_NAME = AppIcon;
				INFOPLIST_FILE = CodeFooiOS/Info.plist;
				LD_RUNPATH_SEARCH_PATHS = "$(inherited) @executable_path/Frameworks";
				PRODUCT_BUNDLE_IDENTIFIER = drakew.CodeFooiOS;
				PRODUCT_NAME = "$(TARGET_NAME)";
			};
			name = Release;
		};
		2F3ABE121D3EEC8900E3908C /* Debug */ = {
			isa = XCBuildConfiguration;
			buildSettings = {
				BUNDLE_LOADER = "$(TEST_HOST)";
				INFOPLIST_FILE = CodeFooiOSTests/Info.plist;
				LD_RUNPATH_SEARCH_PATHS = "$(inherited) @executable_path/Frameworks @loader_path/Frameworks";
				PRODUCT_BUNDLE_IDENTIFIER = drakew.CodeFooiOSTests;
				PRODUCT_NAME = "$(TARGET_NAME)";
				TEST_HOST = "$(BUILT_PRODUCTS_DIR)/CodeFooiOS.app/CodeFooiOS";
			};
			name = Debug;
		};
		2F3ABE131D3EEC8900E3908C /* Release */ = {
			isa = XCBuildConfiguration;
			buildSettings = {
				BUNDLE_LOADER = "$(TEST_HOST)";
				INFOPLIST_FILE = CodeFooiOSTests/Info.plist;
				LD_RUNPATH_SEARCH_PATHS = "$(inherited) @executable_path/Frameworks @loader_path/Frameworks";
				PRODUCT_BUNDLE_IDENTIFIER = drakew.CodeFooiOSTests;
				PRODUCT_NAME = "$(TARGET_NAME)";
				TEST_HOST = "$(BUILT_PRODUCTS_DIR)/CodeFooiOS.app/CodeFooiOS";
			};
			name = Release;
		};
		2F3ABE151D3EEC8900E3908C /* Debug */ = {
			isa = XCBuildConfiguration;
			buildSettings = {
				INFOPLIST_FILE = CodeFooiOSUITests/Info.plist;
				LD_RUNPATH_SEARCH_PATHS = "$(inherited) @executable_path/Frameworks @loader_path/Frameworks";
				PRODUCT_BUNDLE_IDENTIFIER = drakew.CodeFooiOSUITests;
				PRODUCT_NAME = "$(TARGET_NAME)";
				TEST_TARGET_NAME = CodeFooiOS;
			};
			name = Debug;
		};
		2F3ABE161D3EEC8900E3908C /* Release */ = {
			isa = XCBuildConfiguration;
			buildSettings = {
				INFOPLIST_FILE = CodeFooiOSUITests/Info.plist;
				LD_RUNPATH_SEARCH_PATHS = "$(inherited) @executable_path/Frameworks @loader_path/Frameworks";
				PRODUCT_BUNDLE_IDENTIFIER = drakew.CodeFooiOSUITests;
				PRODUCT_NAME = "$(TARGET_NAME)";
				TEST_TARGET_NAME = CodeFooiOS;
			};
			name = Release;
		};
/* End XCBuildConfiguration section */

/* Begin XCConfigurationList section */
		2F3ABDE11D3EEC8900E3908C /* Build configuration list for PBXProject "CodeFooiOS" */ = {
			isa = XCConfigurationList;
			buildConfigurations = (
				2F3ABE0C1D3EEC8900E3908C /* Debug */,
				2F3ABE0D1D3EEC8900E3908C /* Release */,
			);
			defaultConfigurationIsVisible = 0;
			defaultConfigurationName = Release;
		};
		2F3ABE0E1D3EEC8900E3908C /* Build configuration list for PBXNativeTarget "CodeFooiOS" */ = {
			isa = XCConfigurationList;
			buildConfigurations = (
				2F3ABE0F1D3EEC8900E3908C /* Debug */,
				2F3ABE101D3EEC8900E3908C /* Release */,
			);
			defaultConfigurationIsVisible = 0;
		};
		2F3ABE111D3EEC8900E3908C /* Build configuration list for PBXNativeTarget "CodeFooiOSTests" */ = {
			isa = XCConfigurationList;
			buildConfigurations = (
				2F3ABE121D3EEC8900E3908C /* Debug */,
				2F3ABE131D3EEC8900E3908C /* Release */,
			);
			defaultConfigurationIsVisible = 0;
		};
		2F3ABE141D3EEC8900E3908C /* Build configuration list for PBXNativeTarget "CodeFooiOSUITests" */ = {
			isa = XCConfigurationList;
			buildConfigurations = (
				2F3ABE151D3EEC8900E3908C /* Debug */,
				2F3ABE161D3EEC8900E3908C /* Release */,
			);
			defaultConfigurationIsVisible = 0;
		};
/* End XCConfigurationList section */
	};
	rootObject = 2F3ABDDE1D3EEC8900E3908C /* Project object */;
}
